
Microsoft Visual Studio Solution File, Format Version 12.00
# Visual Studio Version 17
VisualStudioVersion = 17.11.35208.52
MinimumVisualStudioVersion = 10.0.40219.1
Project("{8BC9CEB8-8B4A-11D0-8D11-00A0C91BC942}") = "Matrix", "Matrix\Matrix.vcxproj", "{B97785C1-382A-4171-A223-126073516C19}"
EndProject
Project("{8BC9CEB8-8B4A-11D0-8D11-00A0C91BC942}") = "ExtendedMatrix", "ExtendedMatrix\ExtendedMatrix.vcxproj", "{02199A90-290C-4FBD-B64E-787BDA36747F}"
EndProject
Global
	GlobalSection(SolutionConfigurationPlatforms) = preSolution
		Debug|x64 = Debug|x64
		Debug|x86 = Debug|x86
		Release|x64 = Release|x64
		Release|x86 = Release|x86
	EndGlobalSection
	GlobalSection(ProjectConfigurationPlatforms) = postSolution
		{B97785C1-382A-4171-A223-126073516C19}.Debug|x64.ActiveCfg = Debug|x64
		{B97785C1-382A-4171-A223-126073516C19}.Debug|x64.Build.0 = Debug|x64
		{B97785C1-382A-4171-A223-126073516C19}.Debug|x86.ActiveCfg = Debug|Win32
		{B97785C1-382A-4171-A223-126073516C19}.Debug|x86.Build.0 = Debug|Win32
		{B97785C1-382A-4171-A223-126073516C19}.Release|x64.ActiveCfg = Release|x64
		{B97785C1-382A-4171-A223-126073516C19}.Release|x64.Build.0 = Release|x64
		{B97785C1-382A-4171-A223-126073516C19}.Release|x86.ActiveCfg = Release|Win32
		{B97785C1-382A-4171-A223-126073516C19}.Release|x86.Build.0 = Release|Win32
		{02199A90-290C-4FBD-B64E-787BDA36747F}.Debug|x64.ActiveCfg = Debug|x64
		{02199A90-290C-4FBD-B64E-787BDA36747F}.Debug|x64.Build.0 = Debug|x64
		{02199A90-290C-4FBD-B64E-787BDA36747F}.Debug|x86.ActiveCfg = Debug|Win32
		{02199A90-290C-4FBD-B64E-787BDA36747F}.Debug|x86.Build.0 = Debug|Win32
		{02199A90-290C-4FBD-B64E-787BDA36747F}.Release|x64.ActiveCfg = Release|x64
		{02199A90-290C-4FBD-B64E-787BDA36747F}.Release|x64.Build.0 = Release|x64
		{02199A90-290C-4FBD-B64E-787BDA36747F}.Release|x86.ActiveCfg = Release|Win32
		{02199A90-290C-4FBD-B64E-787BDA36747F}.Release|x86.Build.0 = Release|Win32
	EndGlobalSection
	GlobalSection(SolutionProperties) = preSolution
		HideSolutionNode = FALSE
	EndGlobalSection
	GlobalSection(ExtensibilityGlobals) = postSolution
		SolutionGuid = {6AB385DB-3AE1-41BC-B696-82E537DED8B2}
	EndGlobalSection
EndGlobal
